{
  "name": "chattyBots",
  "version": "1.0.0",
  "lockfileVersion": 1,
  "requires": true,
  "dependencies": {
    "debug": {
      "version": "2.6.9",
      "resolved": "https://registry.npmjs.org/debug/-/debug-2.6.9.tgz",
      "integrity": "sha512-bC7ElrdJaJnPbAP+1EotYvqZsb3ecl5wi6Bfi6BJTUcNowp6cvspg0jXznRTKDjm/E7AdgFBVeAPVMNcKGsHMA==",
      "requires": {
        "ms": "2.0.0"
      }
    },
    "faker": {
      "version": "4.1.0",
      "resolved": "https://registry.npmjs.org/faker/-/faker-4.1.0.tgz",
      "integrity": "sha1-HkW7vsxndLPBlfrSg1EJxtdIzD8="
    },
    "irc-replies": {
      "version": "2.0.1",
      "resolved": "https://registry.npmjs.org/irc-replies/-/irc-replies-2.0.1.tgz",
      "integrity": "sha1-W/QSX7bsDzkpqJZHsm5lMjKUK3k="
    },
    "linewise": {
      "version": "0.0.3",
      "resolved": "https://registry.npmjs.org/linewise/-/linewise-0.0.3.tgz",
      "integrity": "sha1-v5Z7oN0x+q8Jq1vbNnatfyqhhJM="
    },
    "ms": {
      "version": "2.0.0",
      "resolved": "https://registry.npmjs.org/ms/-/ms-2.0.0.tgz",
      "integrity": "sha1-VgiurfwAvmwpAd9fmGF4jeDVl8g="
    },
    "nan": {
      "version": "2.11.1",
      "resolved": "https://registry.npmjs.org/nan/-/nan-2.11.1.tgz",
      "integrity": "sha512-iji6k87OSXa0CcrLl9z+ZiYSuR2o+c0bGuNmXdrhTQTakxytAFsC56SArGYoiHlJlFoHSnvmhpceZJaXkVuOtA=="
    },
    "slate-irc": {
      "version": "0.9.0",
      "resolved": "https://registry.npmjs.org/slate-irc/-/slate-irc-0.9.0.tgz",
      "integrity": "sha1-pw6q9I575trmqHVAu3/LSq7Z3Pw=",
      "requires": {
        "debug": "^2.2.0",
        "irc-replies": "^2.0.1",
        "slate-irc-parser": "^0.1.0"
      }
    },
    "slate-irc-parser": {
      "version": "0.1.0",
      "resolved": "https://registry.npmjs.org/slate-irc-parser/-/slate-irc-parser-0.1.0.tgz",
      "integrity": "sha1-mqOw0r2ODtn93JiAi21EnxJUHEM=",
      "requires": {
        "debug": "^2.2.0",
        "linewise": "0.0.3"
      }
    },
    "sleep": {
      "version": "5.2.3",
      "resolved": "https://registry.npmjs.org/sleep/-/sleep-5.2.3.tgz",
      "integrity": "sha512-vC05N1XqgIiPIj6tEq7wt0R32aTycJv4Ymo/jwSEp2PkeU1GCJ1tkl+RdYZEo7Gjebq8QQuhFuEe7vsyVGlFRA==",
      "requires": {
        "nan": ">=2.5.1"
      }
    }
  }
}
